
Microsoft Visual Studio Solution File, Format Version 12.00
# Visual Studio Version 16
VisualStudioVersion = 16.0.33328.57
MinimumVisualStudioVersion = 10.0.40219.1
Project("{FAE04EC0-301F-11D3-BF4B-00C04F79EFBC}") = "Rocky", "Rocky\Rocky.csproj", "{8C1E020F-51AC-4D32-851E-A545EC1F52C8}"
EndProject
Global
	GlobalSection(SolutionConfigurationPlatforms) = preSolution
		Debug|Any CPU = Debug|Any CPU
		Release|Any CPU = Release|Any CPU
	EndGlobalSection
	GlobalSection(ProjectConfigurationPlatforms) = postSolution
		{8C1E020F-51AC-4D32-851E-A545EC1F52C8}.Debug|Any CPU.ActiveCfg = Debug|Any CPU
		{8C1E020F-51AC-4D32-851E-A545EC1F52C8}.Debug|Any CPU.Build.0 = Debug|Any CPU
		{8C1E020F-51AC-4D32-851E-A545EC1F52C8}.Release|Any CPU.ActiveCfg = Release|Any CPU
		{8C1E020F-51AC-4D32-851E-A545EC1F52C8}.Release|Any CPU.Build.0 = Release|Any CPU
	EndGlobalSection
	GlobalSection(SolutionProperties) = preSolution
		HideSolutionNode = FALSE
	EndGlobalSection
	GlobalSection(ExtensibilityGlobals) = postSolution
		SolutionGuid = {5F147946-D74A-4832-9CCA-EE1E6CD3B3F2}
	EndGlobalSection
EndGlobal
